{
    "name": "ZUMOAPPNAME",
    "version": "1.0.0",
    "lockfileVersion": 1,
    "requires": true,
    "dependencies": {
        "cordova-ios": {
            "version": "4.2.0",
            "resolved": "https://registry.npmjs.org/cordova-ios/-/cordova-ios-4.2.0.tgz",
            "integrity": "sha1-Exll/owUoqr9T53zM58kiosp/Ts=",
            "requires": {
                "cordova-common": "1.3.0",
                "ios-sim": "5.0.8",
                "nopt": "3.0.6",
                "plist": "1.2.0",
                "q": "1.4.1",
                "shelljs": "0.5.3",
                "xcode": "0.8.8"
            },
            "dependencies": {
                "abbrev": {
                    "version": "1.0.9",
                    "resolved": "http://registry.npmjs.org/abbrev/-/abbrev-1.0.9.tgz",
                    "integrity": "sha1-kbR5JYinc4wl813W9jdSovh3YTU="
                },
                "ansi": {
                    "version": "0.3.1",
                    "resolved": "http://registry.npmjs.org/ansi/-/ansi-0.3.1.tgz",
                    "integrity": "sha1-DELU+xcWDVqa8eSEus4cZpIsGyE="
                },
                "balanced-match": {
                    "version": "0.4.1",
                    "resolved": "http://registry.npmjs.org/balanced-match/-/balanced-match-0.4.1.tgz",
                    "integrity": "sha1-GQU+LgdI6ts3nabAnUVc9eEDkzU="
                },
                "base64-js": {
                    "version": "0.0.8",
                    "resolved": "http://registry.npmjs.org/base64-js/-/base64-js-0.0.8.tgz",
                    "integrity": "sha1-EQHpVE9KdrG8OybUUsqW16NeeXg="
                },
                "big-integer": {
                    "version": "1.6.15",
                    "resolved": "http://registry.npmjs.org/big-integer/-/big-integer-1.6.15.tgz",
                    "integrity": "sha1-M9J9O3OI38xLhtMTDBB0DOwB+54="
                },
                "bplist-creator": {
                    "version": "0.0.4",
                    "resolved": "http://registry.npmjs.org/bplist-creator/-/bplist-creator-0.0.4.tgz",
                    "integrity": "sha1-SsBJZ4LhJ6hcHSAmpPXrIqev+ZE=",
                    "requires": {
                        "stream-buffers": "0.2.6"
                    }
                },
                "bplist-parser": {
                    "version": "0.1.1",
                    "resolved": "http://registry.npmjs.org/bplist-parser/-/bplist-parser-0.1.1.tgz",
                    "integrity": "sha1-1g1dzCDLptx+HymbNdPh+V2vuuY=",
                    "requires": {
                        "big-integer": "1.6.15"
                    }
                },
                "brace-expansion": {
                    "version": "1.1.5",
                    "resolved": "http://registry.npmjs.org/brace-expansion/-/brace-expansion-1.1.5.tgz",
                    "integrity": "sha1-9bStV04st8zB64Pm/nm47K33pSY=",
                    "requires": {
                        "balanced-match": "0.4.1",
                        "concat-map": "0.0.1"
                    }
                },
                "concat-map": {
                    "version": "0.0.1",
                    "resolved": "http://registry.npmjs.org/concat-map/-/concat-map-0.0.1.tgz",
                    "integrity": "sha1-2Klr13/Wjfd5OnMDajug1UBdR3s="
                },
                "cordova-common": {
                    "version": "1.3.0",
                    "resolved": "file:cordova-dist/tools/cordova-common-1.3.0.tgz",
                    "integrity": "sha1-91Fh9qp871SG/V1po7Ch9igzRJE=",
                    "requires": {
                        "ansi": "0.3.1",
                        "bplist-parser": "0.1.1",
                        "cordova-registry-mapper": "1.1.15",
                        "elementtree": "0.1.6",
                        "glob": "5.0.15",
                        "minimatch": "3.0.2",
                        "osenv": "0.1.3",
                        "plist": "1.2.0",
                        "q": "1.4.1",
                        "semver": "5.1.0",
                        "shelljs": "0.5.3",
                        "underscore": "1.8.3",
                        "unorm": "1.4.1"
                    }
                },
                "cordova-registry-mapper": {
                    "version": "1.1.15",
                    "resolved": "http://registry.npmjs.org/cordova-registry-mapper/-/cordova-registry-mapper-1.1.15.tgz",
                    "integrity": "sha1-4kS5GFuBdUc7/2B5MkkFEV+D3Hw="
                },
                "elementtree": {
                    "version": "0.1.6",
                    "resolved": "http://registry.npmjs.org/elementtree/-/elementtree-0.1.6.tgz",
                    "integrity": "sha1-KsTEbqMFFsjEy9teOsdBjlkt4gw=",
                    "requires": {
                        "sax": "0.3.5"
                    }
                },
                "glob": {
                    "version": "5.0.15",
                    "resolved": "http://registry.npmjs.org/glob/-/glob-5.0.15.tgz",
                    "integrity": "sha1-G8k2ueAvSmA/zCIuz3Yz0wuLk7E=",
                    "requires": {
                        "inflight": "1.0.5",
                        "inherits": "2.0.1",
                        "minimatch": "3.0.2",
                        "once": "1.3.3",
                        "path-is-absolute": "1.0.0"
                    }
                },
                "inflight": {
                    "version": "1.0.5",
                    "resolved": "http://registry.npmjs.org/inflight/-/inflight-1.0.5.tgz",
                    "integrity": "sha1-2zIEzVqd4ubNiQuFxuL2a89PYgo=",
                    "requires": {
                        "once": "1.3.3",
                        "wrappy": "1.0.2"
                    }
                },
                "inherits": {
                    "version": "2.0.1",
                    "resolved": "http://registry.npmjs.org/inherits/-/inherits-2.0.1.tgz",
                    "integrity": "sha1-sX0I0ya0Qj5Wjv9xn5GwscvfafE="
                },
                "ios-sim": {
                    "version": "5.0.8",
                    "resolved": "http://registry.npmjs.org/ios-sim/-/ios-sim-5.0.8.tgz",
                    "integrity": "sha1-IFILvP2tsLDLCGkLkJabbmCpp5Y=",
                    "requires": {
                        "bplist-parser": "0.0.6",
                        "nopt": "1.0.9",
                        "plist": "1.2.0",
                        "simctl": "0.0.9"
                    },
                    "dependencies": {
                        "bplist-parser": {
                            "version": "0.0.6",
                            "resolved": "http://registry.npmjs.org/bplist-parser/-/bplist-parser-0.0.6.tgz",
                            "integrity": "sha1-ONo0cYF9+dRKs4kuJ3B7u9daEbk="
                        },
                        "nopt": {
                            "version": "1.0.9",
                            "resolved": "http://registry.npmjs.org/nopt/-/nopt-1.0.9.tgz",
                            "integrity": "sha1-O8DXy6e/sNWmdtvtfA6+SKT9RU4=",
                            "requires": {
                                "abbrev": "1.0.9"
                            }
                        }
                    }
                },
                "lodash": {
                    "version": "3.10.1",
                    "resolved": "http://registry.npmjs.org/lodash/-/lodash-3.10.1.tgz",
                    "integrity": "sha1-W/Rejkm6QYnhfUgnid/RW9FAt7Y="
                },
                "minimatch": {
                    "version": "3.0.2",
                    "resolved": "http://registry.npmjs.org/minimatch/-/minimatch-3.0.2.tgz",
                    "integrity": "sha1-DzmKcwDqRB6cNIyD2Yq4ydv5xAo=",
                    "requires": {
                        "brace-expansion": "1.1.5"
                    }
                },
                "node-uuid": {
                    "version": "1.4.7",
                    "resolved": "http://registry.npmjs.org/node-uuid/-/node-uuid-1.4.7.tgz",
                    "integrity": "sha1-baWhdmjEs91ZYjvaEc9/pMH2Cm8="
                },
                "nopt": {
                    "version": "3.0.6",
                    "resolved": "http://registry.npmjs.org/nopt/-/nopt-3.0.6.tgz",
                    "integrity": "sha1-xkZdvwirzU2zWTF/eaxopkayj/k=",
                    "requires": {
                        "abbrev": "1.0.9"
                    }
                },
                "once": {
                    "version": "1.3.3",
                    "resolved": "http://registry.npmjs.org/once/-/once-1.3.3.tgz",
                    "integrity": "sha1-suJhVXzkwxTsgwTz+oJmPkKXyiA=",
                    "requires": {
                        "wrappy": "1.0.2"
                    }
                },
                "os-homedir": {
                    "version": "1.0.1",
                    "resolved": "http://registry.npmjs.org/os-homedir/-/os-homedir-1.0.1.tgz",
                    "integrity": "sha1-DWK99EuRb9O73PLKsZGUj7CU8Ac="
                },
                "os-tmpdir": {
                    "version": "1.0.1",
                    "resolved": "http://registry.npmjs.org/os-tmpdir/-/os-tmpdir-1.0.1.tgz",
                    "integrity": "sha1-6bQjoe2vR5iCVi6S7XHXdDoHG24="
                },
                "osenv": {
                    "version": "0.1.3",
                    "resolved": "http://registry.npmjs.org/osenv/-/osenv-0.1.3.tgz",
                    "integrity": "sha1-g88FxtZFj8TVrGNi6jJdkvJ1Qhc=",
                    "requires": {
                        "os-homedir": "1.0.1",
                        "os-tmpdir": "1.0.1"
                    }
                },
                "path-is-absolute": {
                    "version": "1.0.0",
                    "resolved": "http://registry.npmjs.org/path-is-absolute/-/path-is-absolute-1.0.0.tgz",
                    "integrity": "sha1-Jj2tpmqz8vsQv3+dJN2PPlcO+RI="
                },
                "pegjs": {
                    "version": "0.9.0",
                    "resolved": "http://registry.npmjs.org/pegjs/-/pegjs-0.9.0.tgz",
                    "integrity": "sha1-9q76LjzlYWkgjlIXnf5B+JFBo2k="
                },
                "plist": {
                    "version": "1.2.0",
                    "resolved": "http://registry.npmjs.org/plist/-/plist-1.2.0.tgz",
                    "integrity": "sha1-CEtQk93JJQbiWfh0uNmxr7jHlZM=",
                    "requires": {
                        "base64-js": "0.0.8",
                        "util-deprecate": "1.0.2",
                        "xmlbuilder": "4.0.0",
                        "xmldom": "0.1.22"
                    }
                },
                "q": {
                    "version": "1.4.1",
                    "resolved": "http://registry.npmjs.org/q/-/q-1.4.1.tgz",
                    "integrity": "sha1-VXBbzZPF82c1MMLCy8DCs63cKG4="
                },
                "sax": {
                    "version": "0.3.5",
                    "resolved": "http://registry.npmjs.org/sax/-/sax-0.3.5.tgz",
                    "integrity": "sha1-iPz8H3PAyLvVt8d2ttPzUB7tBz0="
                },
                "semver": {
                    "version": "5.1.0",
                    "resolved": "http://registry.npmjs.org/semver/-/semver-5.1.0.tgz",
                    "integrity": "sha1-hfLPhVBGXE3wAM99hvawVBBqueU="
                },
                "shelljs": {
                    "version": "0.5.3",
                    "resolved": "http://registry.npmjs.org/shelljs/-/shelljs-0.5.3.tgz",
                    "integrity": "sha1-xUmCuZbHbvDB5rWfvcWCX1txMRM="
                },
                "simctl": {
                    "version": "0.0.9",
                    "resolved": "http://registry.npmjs.org/simctl/-/simctl-0.0.9.tgz",
                    "integrity": "sha1-zTbJ06GuFwlkX5fgziBcw8rG/Rs=",
                    "requires": {
                        "shelljs": "0.2.6",
                        "tail": "0.4.0"
                    },
                    "dependencies": {
                        "shelljs": {
                            "version": "0.2.6",
                            "resolved": "http://registry.npmjs.org/shelljs/-/shelljs-0.2.6.tgz",
                            "integrity": "sha1-kEktcv/MgVmXa6umL7D2iE8MM3g="
                        }
                    }
                },
                "simple-plist": {
                    "version": "0.1.4",
                    "resolved": "http://registry.npmjs.org/simple-plist/-/simple-plist-0.1.4.tgz",
                    "integrity": "sha1-EOtRtH4zxVbrjsRtXuZNZOcX210=",
                    "requires": {
                        "bplist-creator": "0.0.4",
                        "bplist-parser": "0.0.6",
                        "plist": "1.2.0"
                    },
                    "dependencies": {
                        "bplist-parser": {
                            "version": "0.0.6",
                            "resolved": "http://registry.npmjs.org/bplist-parser/-/bplist-parser-0.0.6.tgz",
                            "integrity": "sha1-ONo0cYF9+dRKs4kuJ3B7u9daEbk="
                        }
                    }
                },
                "stream-buffers": {
                    "version": "0.2.6",
                    "resolved": "http://registry.npmjs.org/stream-buffers/-/stream-buffers-0.2.6.tgz",
                    "integrity": "sha1-GBwI1bs2kARfaUAbmuanoM8zE/w="
                },
                "tail": {
                    "version": "0.4.0",
                    "resolved": "http://registry.npmjs.org/tail/-/tail-0.4.0.tgz",
                    "integrity": "sha1-0p3nJ1DMmdseBTr/E8NZ7PtxMAI="
                },
                "underscore": {
                    "version": "1.8.3",
                    "resolved": "http://registry.npmjs.org/underscore/-/underscore-1.8.3.tgz",
                    "integrity": "sha1-Tz+1OxBuYJf8+ctBCfKl6b36UCI="
                },
                "unorm": {
                    "version": "1.4.1",
                    "resolved": "http://registry.npmjs.org/unorm/-/unorm-1.4.1.tgz",
                    "integrity": "sha1-NkIA1fE2RsqLzURJAnEzVhR5IwA="
                },
                "util-deprecate": {
                    "version": "1.0.2",
                    "resolved": "http://registry.npmjs.org/util-deprecate/-/util-deprecate-1.0.2.tgz",
                    "integrity": "sha1-RQ1Nyfpw3nMnYvvS1KKJgUGaDM8="
                },
                "wrappy": {
                    "version": "1.0.2",
                    "resolved": "http://registry.npmjs.org/wrappy/-/wrappy-1.0.2.tgz",
                    "integrity": "sha1-tSQ9jz7BqjXxNkYFvA0QNuMKtp8="
                },
                "xcode": {
                    "version": "0.8.8",
                    "resolved": "http://registry.npmjs.org/xcode/-/xcode-0.8.8.tgz",
                    "integrity": "sha1-EzCHfEIA8glACeO/FE5pMllvzKA=",
                    "requires": {
                        "node-uuid": "1.4.7",
                        "pegjs": "0.9.0",
                        "simple-plist": "0.1.4"
                    }
                },
                "xmlbuilder": {
                    "version": "4.0.0",
                    "resolved": "http://registry.npmjs.org/xmlbuilder/-/xmlbuilder-4.0.0.tgz",
                    "integrity": "sha1-mLj2UcowqmJANvEn0RzGbce5B6M=",
                    "requires": {
                        "lodash": "3.10.1"
                    }
                },
                "xmldom": {
                    "version": "0.1.22",
                    "resolved": "http://registry.npmjs.org/xmldom/-/xmldom-0.1.22.tgz",
                    "integrity": "sha1-EN5OXpZJgfA8jMcvrcCNFLbDqiY="
                }
            }
        },
        "cordova-plugin-googleplus": {
            "version": "5.3.0",
            "resolved": "https://registry.npmjs.org/cordova-plugin-googleplus/-/cordova-plugin-googleplus-5.3.0.tgz",
            "integrity": "sha1-fvQYIF9pMBii0G0suGXenXy3Ico="
        },
        "cordova-windows": {
            "version": "4.4.2",
            "resolved": "https://registry.npmjs.org/cordova-windows/-/cordova-windows-4.4.2.tgz",
            "integrity": "sha1-mvkdGwVyKECRjIhKp9ut/sd8YW4=",
            "requires": {
                "cordova-common": "1.4.0",
                "elementtree": "0.1.6",
                "node-uuid": "1.4.7",
                "nopt": "3.0.6",
                "q": "1.4.1",
                "semver": "5.3.0",
                "shelljs": "0.5.3",
                "winjs": "4.4.0"
            },
            "dependencies": {
                "abbrev": {
                    "version": "1.0.9",
                    "resolved": "https://registry.npmjs.org/abbrev/-/abbrev-1.0.9.tgz",
                    "integrity": "sha1-kbR5JYinc4wl813W9jdSovh3YTU="
                },
                "ansi": {
                    "version": "0.3.1",
                    "resolved": "https://registry.npmjs.org/ansi/-/ansi-0.3.1.tgz",
                    "integrity": "sha1-DELU+xcWDVqa8eSEus4cZpIsGyE="
                },
                "balanced-match": {
                    "version": "0.4.2",
                    "resolved": "https://registry.npmjs.org/balanced-match/-/balanced-match-0.4.2.tgz",
                    "integrity": "sha1-yz8+PHMtwPAe5wtAPzAuYddwmDg="
                },
                "base64-js": {
                    "version": "0.0.8",
                    "resolved": "https://registry.npmjs.org/base64-js/-/base64-js-0.0.8.tgz",
                    "integrity": "sha1-EQHpVE9KdrG8OybUUsqW16NeeXg="
                },
                "big-integer": {
                    "version": "1.6.15",
                    "resolved": "https://registry.npmjs.org/big-integer/-/big-integer-1.6.15.tgz",
                    "integrity": "sha1-M9J9O3OI38xLhtMTDBB0DOwB+54="
                },
                "bplist-parser": {
                    "version": "0.1.1",
                    "resolved": "https://registry.npmjs.org/bplist-parser/-/bplist-parser-0.1.1.tgz",
                    "integrity": "sha1-1g1dzCDLptx+HymbNdPh+V2vuuY=",
                    "requires": {
                        "big-integer": "1.6.15"
                    }
                },
                "brace-expansion": {
                    "version": "1.1.6",
                    "resolved": "https://registry.npmjs.org/brace-expansion/-/brace-expansion-1.1.6.tgz",
                    "integrity": "sha1-cZfX6qm4fmSDkOph/GbIRCdCDfk=",
                    "requires": {
                        "balanced-match": "0.4.2",
                        "concat-map": "0.0.1"
                    }
                },
                "concat-map": {
                    "version": "0.0.1",
                    "resolved": "https://registry.npmjs.org/concat-map/-/concat-map-0.0.1.tgz",
                    "integrity": "sha1-2Klr13/Wjfd5OnMDajug1UBdR3s="
                },
                "cordova-common": {
                    "version": "1.4.0",
                    "resolved": "file:cordova-common-1.4.0.tgz",
                    "integrity": "sha1-s7pzWVyqNP6CUKwR8gpO1E58hOQ=",
                    "requires": {
                        "ansi": "0.3.1",
                        "bplist-parser": "0.1.1",
                        "cordova-registry-mapper": "1.1.15",
                        "elementtree": "0.1.6",
                        "glob": "5.0.15",
                        "minimatch": "3.0.2",
                        "osenv": "0.1.3",
                        "plist": "1.2.0",
                        "q": "1.4.1",
                        "semver": "5.3.0",
                        "shelljs": "0.5.3",
                        "underscore": "1.8.3",
                        "unorm": "1.4.1"
                    }
                },
                "cordova-registry-mapper": {
                    "version": "1.1.15",
                    "resolved": "https://registry.npmjs.org/cordova-registry-mapper/-/cordova-registry-mapper-1.1.15.tgz",
                    "integrity": "sha1-4kS5GFuBdUc7/2B5MkkFEV+D3Hw="
                },
                "elementtree": {
                    "version": "0.1.6",
                    "resolved": "https://registry.npmjs.org/elementtree/-/elementtree-0.1.6.tgz",
                    "integrity": "sha1-KsTEbqMFFsjEy9teOsdBjlkt4gw=",
                    "requires": {
                        "sax": "0.3.5"
                    }
                },
                "glob": {
                    "version": "5.0.15",
                    "resolved": "https://registry.npmjs.org/glob/-/glob-5.0.15.tgz",
                    "integrity": "sha1-G8k2ueAvSmA/zCIuz3Yz0wuLk7E=",
                    "requires": {
                        "inflight": "1.0.5",
                        "inherits": "2.0.1",
                        "minimatch": "3.0.2",
                        "once": "1.3.3",
                        "path-is-absolute": "1.0.0"
                    }
                },
                "inflight": {
                    "version": "1.0.5",
                    "resolved": "https://registry.npmjs.org/inflight/-/inflight-1.0.5.tgz",
                    "integrity": "sha1-2zIEzVqd4ubNiQuFxuL2a89PYgo=",
                    "requires": {
                        "once": "1.3.3",
                        "wrappy": "1.0.2"
                    }
                },
                "inherits": {
                    "version": "2.0.1",
                    "resolved": "https://registry.npmjs.org/inherits/-/inherits-2.0.1.tgz",
                    "integrity": "sha1-sX0I0ya0Qj5Wjv9xn5GwscvfafE="
                },
                "lodash": {
                    "version": "3.10.1",
                    "resolved": "https://registry.npmjs.org/lodash/-/lodash-3.10.1.tgz",
                    "integrity": "sha1-W/Rejkm6QYnhfUgnid/RW9FAt7Y="
                },
                "minimatch": {
                    "version": "3.0.2",
                    "resolved": "https://registry.npmjs.org/minimatch/-/minimatch-3.0.2.tgz",
                    "integrity": "sha1-DzmKcwDqRB6cNIyD2Yq4ydv5xAo=",
                    "requires": {
                        "brace-expansion": "1.1.6"
                    }
                },
                "node-uuid": {
                    "version": "1.4.7",
                    "resolved": "https://registry.npmjs.org/node-uuid/-/node-uuid-1.4.7.tgz",
                    "integrity": "sha1-baWhdmjEs91ZYjvaEc9/pMH2Cm8="
                },
                "nopt": {
                    "version": "3.0.6",
                    "resolved": "https://registry.npmjs.org/nopt/-/nopt-3.0.6.tgz",
                    "integrity": "sha1-xkZdvwirzU2zWTF/eaxopkayj/k=",
                    "requires": {
                        "abbrev": "1.0.9"
                    }
                },
                "once": {
                    "version": "1.3.3",
                    "resolved": "https://registry.npmjs.org/once/-/once-1.3.3.tgz",
                    "integrity": "sha1-suJhVXzkwxTsgwTz+oJmPkKXyiA=",
                    "requires": {
                        "wrappy": "1.0.2"
                    }
                },
                "os-homedir": {
                    "version": "1.0.1",
                    "resolved": "https://registry.npmjs.org/os-homedir/-/os-homedir-1.0.1.tgz",
                    "integrity": "sha1-DWK99EuRb9O73PLKsZGUj7CU8Ac="
                },
                "os-tmpdir": {
                    "version": "1.0.1",
                    "resolved": "https://registry.npmjs.org/os-tmpdir/-/os-tmpdir-1.0.1.tgz",
                    "integrity": "sha1-6bQjoe2vR5iCVi6S7XHXdDoHG24="
                },
                "osenv": {
                    "version": "0.1.3",
                    "resolved": "https://registry.npmjs.org/osenv/-/osenv-0.1.3.tgz",
                    "integrity": "sha1-g88FxtZFj8TVrGNi6jJdkvJ1Qhc=",
                    "requires": {
                        "os-homedir": "1.0.1",
                        "os-tmpdir": "1.0.1"
                    }
                },
                "path-is-absolute": {
                    "version": "1.0.0",
                    "resolved": "https://registry.npmjs.org/path-is-absolute/-/path-is-absolute-1.0.0.tgz",
                    "integrity": "sha1-Jj2tpmqz8vsQv3+dJN2PPlcO+RI="
                },
                "plist": {
                    "version": "1.2.0",
                    "resolved": "https://registry.npmjs.org/plist/-/plist-1.2.0.tgz",
                    "integrity": "sha1-CEtQk93JJQbiWfh0uNmxr7jHlZM=",
                    "requires": {
                        "base64-js": "0.0.8",
                        "util-deprecate": "1.0.2",
                        "xmlbuilder": "4.0.0",
                        "xmldom": "0.1.22"
                    }
                },
                "q": {
                    "version": "1.4.1",
                    "resolved": "https://registry.npmjs.org/q/-/q-1.4.1.tgz",
                    "integrity": "sha1-VXBbzZPF82c1MMLCy8DCs63cKG4="
                },
                "sax": {
                    "version": "0.3.5",
                    "resolved": "https://registry.npmjs.org/sax/-/sax-0.3.5.tgz",
                    "integrity": "sha1-iPz8H3PAyLvVt8d2ttPzUB7tBz0="
                },
                "semver": {
                    "version": "5.3.0",
                    "resolved": "https://registry.npmjs.org/semver/-/semver-5.3.0.tgz",
                    "integrity": "sha1-myzl094C0XxgEq0yaqa00M9U+U8="
                },
                "shelljs": {
                    "version": "0.5.3",
                    "resolved": "https://registry.npmjs.org/shelljs/-/shelljs-0.5.3.tgz",
                    "integrity": "sha1-xUmCuZbHbvDB5rWfvcWCX1txMRM="
                },
                "underscore": {
                    "version": "1.8.3",
                    "resolved": "https://registry.npmjs.org/underscore/-/underscore-1.8.3.tgz",
                    "integrity": "sha1-Tz+1OxBuYJf8+ctBCfKl6b36UCI="
                },
                "unorm": {
                    "version": "1.4.1",
                    "resolved": "https://registry.npmjs.org/unorm/-/unorm-1.4.1.tgz",
                    "integrity": "sha1-NkIA1fE2RsqLzURJAnEzVhR5IwA="
                },
                "util-deprecate": {
                    "version": "1.0.2",
                    "resolved": "https://registry.npmjs.org/util-deprecate/-/util-deprecate-1.0.2.tgz",
                    "integrity": "sha1-RQ1Nyfpw3nMnYvvS1KKJgUGaDM8="
                },
                "winjs": {
                    "version": "4.4.0",
                    "resolved": "https://registry.npmjs.org/winjs/-/winjs-4.4.0.tgz",
                    "integrity": "sha1-ykPx117vpuBOmVJiuw52rFEWDJo="
                },
                "wrappy": {
                    "version": "1.0.2",
                    "resolved": "https://registry.npmjs.org/wrappy/-/wrappy-1.0.2.tgz",
                    "integrity": "sha1-tSQ9jz7BqjXxNkYFvA0QNuMKtp8="
                },
                "xmlbuilder": {
                    "version": "4.0.0",
                    "resolved": "https://registry.npmjs.org/xmlbuilder/-/xmlbuilder-4.0.0.tgz",
                    "integrity": "sha1-mLj2UcowqmJANvEn0RzGbce5B6M=",
                    "requires": {
                        "lodash": "3.10.1"
                    }
                },
                "xmldom": {
                    "version": "0.1.22",
                    "resolved": "https://registry.npmjs.org/xmldom/-/xmldom-0.1.22.tgz",
                    "integrity": "sha1-EN5OXpZJgfA8jMcvrcCNFLbDqiY="
                }
            }
        }
    }
}
